
Microsoft Visual Studio Solution File, Format Version 12.00
# Visual Studio Version 17
VisualStudioVersion = 17.5.33424.131
MinimumVisualStudioVersion = 10.0.40219.1
Project("{9A19103F-16F7-4668-BE54-9A1E7A4F7556}") = "CarDriver", "CarDriver\CarDriver.csproj", "{5428D436-6776-47D4-AF53-C3CF5DCCD2F9}"
EndProject
Global
	GlobalSection(SolutionConfigurationPlatforms) = preSolution
		Debug|Any CPU = Debug|Any CPU
		Release|Any CPU = Release|Any CPU
	EndGlobalSection
	GlobalSection(ProjectConfigurationPlatforms) = postSolution
		{5428D436-6776-47D4-AF53-C3CF5DCCD2F9}.Debug|Any CPU.ActiveCfg = Debug|Any CPU
		{5428D436-6776-47D4-AF53-C3CF5DCCD2F9}.Debug|Any CPU.Build.0 = Debug|Any CPU
		{5428D436-6776-47D4-AF53-C3CF5DCCD2F9}.Release|Any CPU.ActiveCfg = Release|Any CPU
		{5428D436-6776-47D4-AF53-C3CF5DCCD2F9}.Release|Any CPU.Build.0 = Release|Any CPU
	EndGlobalSection
	GlobalSection(SolutionProperties) = preSolution
		HideSolutionNode = FALSE
	EndGlobalSection
	GlobalSection(ExtensibilityGlobals) = postSolution
		SolutionGuid = {7B767365-761C-466B-BCC5-E6E47BF8436B}
	EndGlobalSection
EndGlobal
